
Microsoft Visual Studio Solution File, Format Version 12.00
# Visual Studio 2013
VisualStudioVersion = 12.0.31101.0
MinimumVisualStudioVersion = 10.0.40219.1
Project("{FAE04EC0-301F-11D3-BF4B-00C04F79EFBC}") = "CQSNET", "CQSNET\CQSNET.csproj", "{60766446-F3AE-4DF4-AF32-88DF635D0352}"
EndProject
Project("{FAE04EC0-301F-11D3-BF4B-00C04F79EFBC}") = "CQSNET.Tests", "CQSNET.Tests\CQSNET.Tests.csproj", "{C118E77A-884F-4710-ABCD-2191AB1915A2}"
EndProject
Project("{FAE04EC0-301F-11D3-BF4B-00C04F79EFBC}") = "CQSNET.EntityFramework", "CQSNET.EntityFramework\CQSNET.EntityFramework.csproj", "{C70C2B2B-D5DE-4FA4-AF6D-2229F293CFD6}"
EndProject
Project("{2150E333-8FDC-42A3-9474-1A3956D46DE8}") = "build", "build", "{C733970F-435E-4B91-99DE-919479EE6164}"
	ProjectSection(SolutionItems) = preProject
		..\build\build.cmd = ..\build\build.cmd
		..\build\build.ps1 = ..\build\build.ps1
	EndProjectSection
EndProject
Project("{2150E333-8FDC-42A3-9474-1A3956D46DE8}") = "description", "description", "{82BF8812-38A9-4FC0-8534-356A66705857}"
	ProjectSection(SolutionItems) = preProject
		..\LICENSE = ..\LICENSE
		..\README.md = ..\README.md
	EndProjectSection
EndProject
Project("{2150E333-8FDC-42A3-9474-1A3956D46DE8}") = "utils", "utils", "{0C1DDA2C-2E32-43FA-9697-9AA7F883E919}"
	ProjectSection(SolutionItems) = preProject
		..\build\utils\msbuild.ps1 = ..\build\utils\msbuild.ps1
		..\build\utils\version.ps1 = ..\build\utils\version.ps1
	EndProjectSection
EndProject
Project("{2150E333-8FDC-42A3-9474-1A3956D46DE8}") = ".nuget", ".nuget", "{0E86ADA1-3FE8-4801-A317-B04EDB55E2C9}"
	ProjectSection(SolutionItems) = preProject
		.nuget\NuGet.Config = .nuget\NuGet.Config
		.nuget\NuGet.exe = .nuget\NuGet.exe
		.nuget\NuGet.targets = .nuget\NuGet.targets
	EndProjectSection
EndProject
Global
	GlobalSection(SolutionConfigurationPlatforms) = preSolution
		Debug|Any CPU = Debug|Any CPU
		Release|Any CPU = Release|Any CPU
	EndGlobalSection
	GlobalSection(ProjectConfigurationPlatforms) = postSolution
		{60766446-F3AE-4DF4-AF32-88DF635D0352}.Debug|Any CPU.ActiveCfg = Debug|Any CPU
		{60766446-F3AE-4DF4-AF32-88DF635D0352}.Debug|Any CPU.Build.0 = Debug|Any CPU
		{60766446-F3AE-4DF4-AF32-88DF635D0352}.Release|Any CPU.ActiveCfg = Release|Any CPU
		{60766446-F3AE-4DF4-AF32-88DF635D0352}.Release|Any CPU.Build.0 = Release|Any CPU
		{C118E77A-884F-4710-ABCD-2191AB1915A2}.Debug|Any CPU.ActiveCfg = Debug|Any CPU
		{C118E77A-884F-4710-ABCD-2191AB1915A2}.Debug|Any CPU.Build.0 = Debug|Any CPU
		{C118E77A-884F-4710-ABCD-2191AB1915A2}.Release|Any CPU.ActiveCfg = Release|Any CPU
		{C118E77A-884F-4710-ABCD-2191AB1915A2}.Release|Any CPU.Build.0 = Release|Any CPU
		{C70C2B2B-D5DE-4FA4-AF6D-2229F293CFD6}.Debug|Any CPU.ActiveCfg = Debug|Any CPU
		{C70C2B2B-D5DE-4FA4-AF6D-2229F293CFD6}.Debug|Any CPU.Build.0 = Debug|Any CPU
		{C70C2B2B-D5DE-4FA4-AF6D-2229F293CFD6}.Release|Any CPU.ActiveCfg = Release|Any CPU
		{C70C2B2B-D5DE-4FA4-AF6D-2229F293CFD6}.Release|Any CPU.Build.0 = Release|Any CPU
	EndGlobalSection
	GlobalSection(SolutionProperties) = preSolution
		HideSolutionNode = FALSE
	EndGlobalSection
	GlobalSection(NestedProjects) = preSolution
		{0C1DDA2C-2E32-43FA-9697-9AA7F883E919} = {C733970F-435E-4B91-99DE-919479EE6164}
	EndGlobalSection
EndGlobal
